
Microsoft Visual Studio Solution File, Format Version 12.00
# Visual Studio Version 16
VisualStudioVersion = 16.0.31729.503
MinimumVisualStudioVersion = 10.0.40219.1
Project("{FAE04EC0-301F-11D3-BF4B-00C04F79EFBC}") = "TestZebraRFIDReader", "TestZebraRFIDReader\TestZebraRFIDReader.csproj", "{D5053F60-BE53-479F-9EF5-F3B154CEBB71}"
EndProject
Global
	GlobalSection(SolutionConfigurationPlatforms) = preSolution
		Debug|Any CPU = Debug|Any CPU
		Release|Any CPU = Release|Any CPU
	EndGlobalSection
	GlobalSection(ProjectConfigurationPlatforms) = postSolution
		{D5053F60-BE53-479F-9EF5-F3B154CEBB71}.Debug|Any CPU.ActiveCfg = Debug|Any CPU
		{D5053F60-BE53-479F-9EF5-F3B154CEBB71}.Debug|Any CPU.Build.0 = Debug|Any CPU
		{D5053F60-BE53-479F-9EF5-F3B154CEBB71}.Release|Any CPU.ActiveCfg = Release|Any CPU
		{D5053F60-BE53-479F-9EF5-F3B154CEBB71}.Release|Any CPU.Build.0 = Release|Any CPU
	EndGlobalSection
	GlobalSection(SolutionProperties) = preSolution
		HideSolutionNode = FALSE
	EndGlobalSection
	GlobalSection(ExtensibilityGlobals) = postSolution
		SolutionGuid = {9765DEA4-7348-449A-86EA-E97F463E5E98}
	EndGlobalSection
EndGlobal
